
Microsoft Visual Studio Solution File, Format Version 12.00
# Visual Studio Version 17
VisualStudioVersion = 17.11.35327.3
MinimumVisualStudioVersion = 10.0.40219.1
Project("{FAE04EC0-301F-11D3-BF4B-00C04F79EFBC}") = "pefi.dynamicdns", "pefi.dynamicdns\pefi.dynamicdns.csproj", "{2CB4C3B8-B24E-40FF-BBAE-457C3A4561FE}"
EndProject
Project("{FAE04EC0-301F-11D3-BF4B-00C04F79EFBC}") = "pefi.dynamicdns.Tests", "pefi.dynamicdns.Tests\pefi.dynamicdns.Tests.csproj", "{A1B2C3D4-E5F6-7890-ABCD-EF1234567890}"
EndProject
Global
	GlobalSection(SolutionConfigurationPlatforms) = preSolution
		Debug|Any CPU = Debug|Any CPU
		Release|Any CPU = Release|Any CPU
	EndGlobalSection
	GlobalSection(ProjectConfigurationPlatforms) = postSolution
		{2CB4C3B8-B24E-40FF-BBAE-457C3A4561FE}.Debug|Any CPU.ActiveCfg = Debug|Any CPU
		{2CB4C3B8-B24E-40FF-BBAE-457C3A4561FE}.Debug|Any CPU.Build.0 = Debug|Any CPU
		{2CB4C3B8-B24E-40FF-BBAE-457C3A4561FE}.Release|Any CPU.ActiveCfg = Release|Any CPU
		{2CB4C3B8-B24E-40FF-BBAE-457C3A4561FE}.Release|Any CPU.Build.0 = Release|Any CPU
		{A1B2C3D4-E5F6-7890-ABCD-EF1234567890}.Debug|Any CPU.ActiveCfg = Debug|Any CPU
		{A1B2C3D4-E5F6-7890-ABCD-EF1234567890}.Debug|Any CPU.Build.0 = Debug|Any CPU
		{A1B2C3D4-E5F6-7890-ABCD-EF1234567890}.Release|Any CPU.ActiveCfg = Release|Any CPU
		{A1B2C3D4-E5F6-7890-ABCD-EF1234567890}.Release|Any CPU.Build.0 = Release|Any CPU
	EndGlobalSection
	GlobalSection(SolutionProperties) = preSolution
		HideSolutionNode = FALSE
	EndGlobalSection
	GlobalSection(ExtensibilityGlobals) = postSolution
		SolutionGuid = {76C79B27-2698-42A7-ACFF-6C7827B038C3}
	EndGlobalSection
EndGlobal
